// !$*UTF8*$!
{
	archiveVersion = 1;
	classes = {
	};
	objectVersion = 48;
	objects = {

/* Begin PBXBuildFile section */
		584701771FAEAE07001EFE37 /* Resnet50.mlmodel in Sources */ = {isa = PBXBuildFile; fileRef = 58594CC31FAB1A5200AF8152 /* Resnet50.mlmodel */; };
		58594CAF1FAB14A800AF8152 /* AppDelegate.swift in Sources */ = {isa = PBXBuildFile; fileRef = 58594CAE1FAB14A800AF8152 /* AppDelegate.swift */; };
		58594CB11FAB14A800AF8152 /* ViewController.swift in Sources */ = {isa = PBXBuildFile; fileRef = 58594CB01FAB14A800AF8152 /* ViewController.swift */; };
		58594CB41FAB14A800AF8152 /* Main.storyboard in Resources */ = {isa = PBXBuildFile; fileRef = 58594CB21FAB14A800AF8152 /* Main.storyboard */; };
		58594CB61FAB14A800AF8152 /* Assets.xcassets in Resources */ = {isa = PBXBuildFile; fileRef = 58594CB51FAB14A800AF8152 /* Assets.xcassets */; };
		58594CB91FAB14A800AF8152 /* LaunchScreen.storyboard in Resources */ = {isa = PBXBuildFile; fileRef = 58594CB71FAB14A800AF8152 /* LaunchScreen.storyboard */; };
/* End PBXBuildFile section */

/* Begin PBXFileReference section */
		58594CAB1FAB14A800AF8152 /* VisionExample.app */ = {isa = PBXFileReference; explicitFileType = wrapper.application; includeInIndex = 0; path = VisionExample.app; sourceTree = BUILT_PRODUCTS_DIR; };
		58594CAE1FAB14A800AF8152 /* AppDelegate.swift */ = {isa = PBXFileReference; lastKnownFileType = sourcecode.swift; path = AppDelegate.swift; sourceTree = "<group>"; };
		58594CB01FAB14A800AF8152 /* ViewController.swift */ = {isa = PBXFileReference; lastKnownFileType = sourcecode.swift; path = ViewController.swift; sourceTree = "<group>"; };
		58594CB31FAB14A800AF8152 /* Base */ = {isa = PBXFileReference; lastKnownFileType = file.storyboard; name = Base; path = Base.lproj/Main.storyboard; sourceTree = "<group>"; };
		58594CB51FAB14A800AF8152 /* Assets.xcassets */ = {isa = PBXFileReference; lastKnownFileType = folder.assetcatalog; path = Assets.xcassets; sourceTree = "<group>"; };
		58594CB81FAB14A800AF8152 /* Base */ = {isa = PBXFileReference; lastKnownFileType = file.storyboard; name = Base; path = Base.lproj/LaunchScreen.storyboard; sourceTree = "<group>"; };
		58594CBA1FAB14A800AF8152 /* Info.plist */ = {isa = PBXFileReference; lastKnownFileType = text.plist.xml; path = Info.plist; sourceTree = "<group>"; };
		58594CC31FAB1A5200AF8152 /* Resnet50.mlmodel */ = {isa = PBXFileReference; lastKnownFileType = file.mlmodel; path = Resnet50.mlmodel; sourceTree = "<group>"; };
/* End PBXFileReference section */

/* Begin PBXFrameworksBuildPhase section */
		58594CA81FAB14A800AF8152 /* Frameworks */ = {
			isa = PBXFrameworksBuildPhase;
			buildActionMask = 2147483647;
			files = (
			);
			runOnlyForDeploymentPostprocessing = 0;
		};
/* End PBXFrameworksBuildPhase section */

/* Begin PBXGroup section */
		58594CA21FAB14A800AF8152 = {
			isa = PBXGroup;
			children = (
				58594CAD1FAB14A800AF8152 /* VisionExample */,
				58594CAC1FAB14A800AF8152 /* Products */,
			);
			sourceTree = "<group>";
		};
		58594CAC1FAB14A800AF8152 /* Products */ = {
			isa = PBXGroup;
			children = (
				58594CAB1FAB14A800AF8152 /* VisionExample.app */,
			);
			name = Products;
			sourceTree = "<group>";
		};
		58594CAD1FAB14A800AF8152 /* VisionExample */ = {
			isa = PBXGroup;
			children = (
				58594CAE1FAB14A800AF8152 /* AppDelegate.swift */,
				58594CB01FAB14A800AF8152 /* ViewController.swift */,
				58594CC31FAB1A5200AF8152 /* Resnet50.mlmodel */,
				58594CB21FAB14A800AF8152 /* Main.storyboard */,
				58594CB51FAB14A800AF8152 /* Assets.xcassets */,
				58594CB71FAB14A800AF8152 /* LaunchScreen.storyboard */,
				58594CBA1FAB14A800AF8152 /* Info.plist */,
			);
			path = VisionExample;
			sourceTree = "<group>";
		};
/* End PBXGroup section */

/* Begin PBXNativeTarget section */
		58594CAA1FAB14A800AF8152 /* VisionExample */ = {
			isa = PBXNativeTarget;
			buildConfigurationList = 58594CBD1FAB14A800AF8152 /* Build configuration list for PBXNativeTarget "VisionExample" */;
			buildPhases = (
				58594CA71FAB14A800AF8152 /* Sources */,
				58594CA81FAB14A800AF8152 /* Frameworks */,
				58594CA91FAB14A800AF8152 /* Resources */,
			);
			buildRules = (
			);
			dependencies = (
			);
			name = VisionExample;
			productName = ObjectDetectionExample;
			productReference = 58594CAB1FAB14A800AF8152 /* VisionExample.app */;
			productType = "com.apple.product-type.application";
		};
/* End PBXNativeTarget section */

/* Begin PBXProject section */
		58594CA31FAB14A800AF8152 /* Project object */ = {
			isa = PBXProject;
			attributes = {
				LastSwiftUpdateCheck = 0900;
				LastUpgradeCheck = 0900;
				ORGANIZATIONNAME = kanghoonoh;
				TargetAttributes = {
					58594CAA1FAB14A800AF8152 = {
						CreatedOnToolsVersion = 9.0;
						ProvisioningStyle = Automatic;
					};
				};
			};
			buildConfigurationList = 58594CA61FAB14A800AF8152 /* Build configuration list for PBXProject "VisionExample" */;
			compatibilityVersion = "Xcode 8.0";
			developmentRegion = en;
			hasScannedForEncodings = 0;
			knownRegions = (
				en,
				Base,
			);
			mainGroup = 58594CA21FAB14A800AF8152;
			productRefGroup = 58594CAC1FAB14A800AF8152 /* Products */;
			projectDirPath = "";
			projectRoot = "";
			targets = (
				58594CAA1FAB14A800AF8152 /* VisionExample */,
			);
		};
/* End PBXProject section */

/* Begin PBXResourcesBuildPhase section */
		58594CA91FAB14A800AF8152 /* Resources */ = {
			isa = PBXResourcesBuildPhase;
			buildActionMask = 2147483647;
			files = (
				58594CB91FAB14A800AF8152 /* LaunchScreen.storyboard in Resources */,
				58594CB61FAB14A800AF8152 /* Assets.xcassets in Resources */,
				58594CB41FAB14A800AF8152 /* Main.storyboard in Resources */,
			);
			runOnlyForDeploymentPostprocessing = 0;
		};
/* End PBXResourcesBuildPhase section */

/* Begin PBXSourcesBuildPhase section */
		58594CA71FAB14A800AF8152 /* Sources */ = {
			isa = PBXSourcesBuildPhase;
			buildActionMask = 2147483647;
			files = (
				584701771FAEAE07001EFE37 /* Resnet50.mlmodel in Sources */,
				58594CB11FAB14A800AF8152 /* ViewController.swift in Sources */,
				58594CAF1FAB14A800AF8152 /* AppDelegate.swift in Sources */,
			);
			runOnlyForDeploymentPostprocessing = 0;
		};
/* End PBXSourcesBuildPhase section */

/* Begin PBXVariantGroup section */
		58594CB21FAB14A800AF8152 /* Main.storyboard */ = {
			isa = PBXVariantGroup;
			children = (
				58594CB31FAB14A800AF8152 /* Base */,
			);
			name = Main.storyboard;
			sourceTree = "<group>";
		};
		58594CB71FAB14A800AF8152 /* LaunchScreen.storyboard */ = {
			isa = PBXVariantGroup;
			children = (
				58594CB81FAB14A800AF8152 /* Base */,
			);
			name = LaunchScreen.storyboard;
			sourceTree = "<group>";
		};
/* End PBXVariantGroup section */

/* Begin XCBuildConfiguration section */
		58594CBB1FAB14A800AF8152 /* Debug */ = {
			isa = XCBuildConfiguration;
			buildSettings = {
				ALWAYS_SEARCH_USER_PATHS = NO;
				CLANG_ANALYZER_NONNULL = YES;
				CLANG_ANALYZER_NUMBER_OBJECT_CONVERSION = YES_AGGRESSIVE;
				CLANG_CXX_LANGUAGE_STANDARD = "gnu++14";
				CLANG_CXX_LIBRARY = "libc++";
				CLANG_ENABLE_MODULES = YES;
				CLANG_ENABLE_OBJC_ARC = YES;
				CLANG_WARN_BLOCK_CAPTURE_AUTORELEASING = YES;
				CLANG_WARN_BOOL_CONVERSION = YES;
				CLANG_WARN_COMMA = YES;
				CLANG_WARN_CONSTANT_CONVERSION = YES;
				CLANG_WARN_DIRECT_OBJC_ISA_USAGE = YES_ERROR;
				CLANG_WARN_DOCUMENTATION_COMMENTS = YES;
				CLANG_WARN_EMPTY_BODY = YES;
				CLANG_WARN_ENUM_CONVERSION = YES;
				CLANG_WARN_INFINITE_RECURSION = YES;
				CLANG_WARN_INT_CONVERSION = YES;
				CLANG_WARN_NON_LITERAL_NULL_CONVERSION = YES;
				CLANG_WARN_OBJC_LITERAL_CONVERSION = YES;
				CLANG_WARN_OBJC_ROOT_CLASS = YES_ERROR;
				CLANG_WARN_RANGE_LOOP_ANALYSIS = YES;
				CLANG_WARN_STRICT_PROTOTYPES = YES;
				CLANG_WARN_SUSPICIOUS_MOVE = YES;
				CLANG_WARN_UNGUARDED_AVAILABILITY = YES_AGGRESSIVE;
				CLANG_WARN_UNREACHABLE_CODE = YES;
				CLANG_WARN__DUPLICATE_METHOD_MATCH = YES;
				CODE_SIGN_IDENTITY = "iPhone Developer";
				COPY_PHASE_STRIP = NO;
				DEBUG_INFORMATION_FORMAT = dwarf;
				ENABLE_STRICT_OBJC_MSGSEND = YES;
				ENABLE_TESTABILITY = YES;
				GCC_C_LANGUAGE_STANDARD = gnu11;
				GCC_DYNAMIC_NO_PIC = NO;
				GCC_NO_COMMON_BLOCKS = YES;
				GCC_OPTIMIZATION_LEVEL = 0;
				GCC_PREPROCESSOR_DEFINITIONS = (
					"DEBUG=1",
					"$(inherited)",
				);
				GCC_WARN_64_TO_32_BIT_CONVERSION = YES;
				GCC_WARN_ABOUT_RETURN_TYPE = YES_ERROR;
				GCC_WARN_UNDECLARED_SELECTOR = YES;
				GCC_WARN_UNINITIALIZED_AUTOS = YES_AGGRESSIVE;
				GCC_WARN_UNUSED_FUNCTION = YES;
				GCC_WARN_UNUSED_VARIABLE = YES;
				IPHONEOS_DEPLOYMENT_TARGET = 11.0;
				MTL_ENABLE_DEBUG_INFO = YES;
				ONLY_ACTIVE_ARCH = YES;
				SDKROOT = iphoneos;
				SWIFT_ACTIVE_COMPILATION_CONDITIONS = DEBUG;
				SWIFT_OPTIMIZATION_LEVEL = "-Onone";
			};
			name = Debug;
		};
		58594CBC1FAB14A800AF8152 /* Release */ = {
			isa = XCBuildConfiguration;
			buildSettings = {
				ALWAYS_SEARCH_USER_PATHS = NO;
				CLANG_ANALYZER_NONNULL = YES;
				CLANG_ANALYZER_NUMBER_OBJECT_CONVERSION = YES_AGGRESSIVE;
				CLANG_CXX_LANGUAGE_STANDARD = "gnu++14";
				CLANG_CXX_LIBRARY = "libc++";
				CLANG_ENABLE_MODULES = YES;
				CLANG_ENABLE_OBJC_ARC = YES;
				CLANG_WARN_BLOCK_CAPTURE_AUTORELEASING = YES;
				CLANG_WARN_BOOL_CONVERSION = YES;
				CLANG_WARN_COMMA = YES;
				CLANG_WARN_CONSTANT_CONVERSION = YES;
				CLANG_WARN_DIRECT_OBJC_ISA_USAGE = YES_ERROR;
				CLANG_WARN_DOCUMENTATION_COMMENTS = YES;
				CLANG_WARN_EMPTY_BODY = YES;
				CLANG_WARN_ENUM_CONVERSION = YES;
				CLANG_WARN_INFINITE_RECURSION = YES;
				CLANG_WARN_INT_CONVERSION = YES;
				CLANG_WARN_NON_LITERAL_NULL_CONVERSION = YES;
				CLANG_WARN_OBJC_LITERAL_CONVERSION = YES;
				CLANG_WARN_OBJC_ROOT_CLASS = YES_ERROR;
				CLANG_WARN_RANGE_LOOP_ANALYSIS = YES;
				CLANG_WARN_STRICT_PROTOTYPES = YES;
				CLANG_WARN_SUSPICIOUS_MOVE = YES;
				CLANG_WARN_UNGUARDED_AVAILABILITY = YES_AGGRESSIVE;
				CLANG_WARN_UNREACHABLE_CODE = YES;
				CLANG_WARN__DUPLICATE_METHOD_MATCH = YES;
				CODE_SIGN_IDENTITY = "iPhone Developer";
				COPY_PHASE_STRIP = NO;
				DEBUG_INFORMATION_FORMAT = "dwarf-with-dsym";
				ENABLE_NS_ASSERTIONS = NO;
				ENABLE_STRICT_OBJC_MSGSEND = YES;
				GCC_C_LANGUAGE_STANDARD = gnu11;
				GCC_NO_COMMON_BLOCKS = YES;
				GCC_WARN_64_TO_32_BIT_CONVERSION = YES;
				GCC_WARN_ABOUT_RETURN_TYPE = YES_ERROR;
				GCC_WARN_UNDECLARED_SELECTOR = YES;
				GCC_WARN_UNINITIALIZED_AUTOS = YES_AGGRESSIVE;
				GCC_WARN_UNUSED_FUNCTION = YES;
				GCC_WARN_UNUSED_VARIABLE = YES;
				IPHONEOS_DEPLOYMENT_TARGET = 11.0;
				MTL_ENABLE_DEBUG_INFO = NO;
				SDKROOT = iphoneos;
				SWIFT_OPTIMIZATION_LEVEL = "-Owholemodule";
				VALIDATE_PRODUCT = YES;
			};
			name = Release;
		};
		58594CBE1FAB14A800AF8152 /* Debug */ = {
			isa = XCBuildConfiguration;
			buildSettings = {
				ASSETCATALOG_COMPILER_APPICON_NAME = AppIcon;
				CODE_SIGN_STYLE = Automatic;
				COREML_CODEGEN_LANGUAGE = Swift;
				DEVELOPMENT_TEAM = T798JC75S7;
				INFOPLIST_FILE = "$(SRCROOT)/VisionExample/Info.plist";
				LD_RUNPATH_SEARCH_PATHS = "$(inherited) @executable_path/Frameworks";
				PRODUCT_BUNDLE_IDENTIFIER = com.klon.VisionExample;
				PRODUCT_NAME = "$(TARGET_NAME)";
				SWIFT_VERSION = 4.0;
				TARGETED_DEVICE_FAMILY = "1,2";
			};
			name = Debug;
		};
		58594CBF1FAB14A800AF8152 /* Release */ = {
			isa = XCBuildConfiguration;
			buildSettings = {
				ASSETCATALOG_COMPILER_APPICON_NAME = AppIcon;
				CODE_SIGN_STYLE = Automatic;
				COREML_CODEGEN_LANGUAGE = Swift;
				DEVELOPMENT_TEAM = T798JC75S7;
				INFOPLIST_FILE = "$(SRCROOT)/VisionExample/Info.plist";
				LD_RUNPATH_SEARCH_PATHS = "$(inherited) @executable_path/Frameworks";
				PRODUCT_BUNDLE_IDENTIFIER = com.klon.VisionExample;
				PRODUCT_NAME = "$(TARGET_NAME)";
				SWIFT_VERSION = 4.0;
				TARGETED_DEVICE_FAMILY = "1,2";
			};
			name = Release;
		};
/* End XCBuildConfiguration section */

/* Begin XCConfigurationList section */
		58594CA61FAB14A800AF8152 /* Build configuration list for PBXProject "VisionExample" */ = {
			isa = XCConfigurationList;
			buildConfigurations = (
				58594CBB1FAB14A800AF8152 /* Debug */,
				58594CBC1FAB14A800AF8152 /* Release */,
			);
			defaultConfigurationIsVisible = 0;
			defaultConfigurationName = Release;
		};
		58594CBD1FAB14A800AF8152 /* Build configuration list for PBXNativeTarget "VisionExample" */ = {
			isa = XCConfigurationList;
			buildConfigurations = (
				58594CBE1FAB14A800AF8152 /* Debug */,
				58594CBF1FAB14A800AF8152 /* Release */,
			);
			defaultConfigurationIsVisible = 0;
			defaultConfigurationName = Release;
		};
/* End XCConfigurationList section */
	};
	rootObject = 58594CA31FAB14A800AF8152 /* Project object */;
}
